// !$*UTF8*$!
{
	archiveVersion = 1;
	classes = {
	};
	objectVersion = 50;
	objects = {

/* Begin PBXBuildFile section */
		3BC68415258AA23C0023E067 /* AppDelegate.swift in Sources */ = {isa = PBXBuildFile; fileRef = 3BC68414258AA23C0023E067 /* AppDelegate.swift */; };
		3BC68417258AA23C0023E067 /* SceneDelegate.swift in Sources */ = {isa = PBXBuildFile; fileRef = 3BC68416258AA23C0023E067 /* SceneDelegate.swift */; };
		3BC68419258AA23C0023E067 /* ViewController.swift in Sources */ = {isa = PBXBuildFile; fileRef = 3BC68418258AA23C0023E067 /* ViewController.swift */; };
		3BC6841C258AA23C0023E067 /* Main.storyboard in Resources */ = {isa = PBXBuildFile; fileRef = 3BC6841A258AA23C0023E067 /* Main.storyboard */; };
		3BC6841E258AA23E0023E067 /* Assets.xcassets in Resources */ = {isa = PBXBuildFile; fileRef = 3BC6841D258AA23E0023E067 /* Assets.xcassets */; };
		3BC68421258AA23E0023E067 /* LaunchScreen.storyboard in Resources */ = {isa = PBXBuildFile; fileRef = 3BC6841F258AA23E0023E067 /* LaunchScreen.storyboard */; };
		3BC6842C258AA23E0023E067 /* Project3Tests.swift in Sources */ = {isa = PBXBuildFile; fileRef = 3BC6842B258AA23E0023E067 /* Project3Tests.swift */; };
		3BC68437258AA23E0023E067 /* Project3UITests.swift in Sources */ = {isa = PBXBuildFile; fileRef = 3BC68436258AA23E0023E067 /* Project3UITests.swift */; };
/* End PBXBuildFile section */

/* Begin PBXContainerItemProxy section */
		3BC68428258AA23E0023E067 /* PBXContainerItemProxy */ = {
			isa = PBXContainerItemProxy;
			containerPortal = 3BC68409258AA23B0023E067 /* Project object */;
			proxyType = 1;
			remoteGlobalIDString = 3BC68410258AA23B0023E067;
			remoteInfo = Project3;
		};
		3BC68433258AA23E0023E067 /* PBXContainerItemProxy */ = {
			isa = PBXContainerItemProxy;
			containerPortal = 3BC68409258AA23B0023E067 /* Project object */;
			proxyType = 1;
			remoteGlobalIDString = 3BC68410258AA23B0023E067;
			remoteInfo = Project3;
		};
/* End PBXContainerItemProxy section */

/* Begin PBXFileReference section */
		3BC68411258AA23C0023E067 /* Project3.app */ = {isa = PBXFileReference; explicitFileType = wrapper.application; includeInIndex = 0; path = Project3.app; sourceTree = BUILT_PRODUCTS_DIR; };
		3BC68414258AA23C0023E067 /* AppDelegate.swift */ = {isa = PBXFileReference; lastKnownFileType = sourcecode.swift; path = AppDelegate.swift; sourceTree = "<group>"; };
		3BC68416258AA23C0023E067 /* SceneDelegate.swift */ = {isa = PBXFileReference; lastKnownFileType = sourcecode.swift; path = SceneDelegate.swift; sourceTree = "<group>"; };
		3BC68418258AA23C0023E067 /* ViewController.swift */ = {isa = PBXFileReference; lastKnownFileType = sourcecode.swift; path = ViewController.swift; sourceTree = "<group>"; };
		3BC6841B258AA23C0023E067 /* Base */ = {isa = PBXFileReference; lastKnownFileType = file.storyboard; name = Base; path = Base.lproj/Main.storyboard; sourceTree = "<group>"; };
		3BC6841D258AA23E0023E067 /* Assets.xcassets */ = {isa = PBXFileReference; lastKnownFileType = folder.assetcatalog; path = Assets.xcassets; sourceTree = "<group>"; };
		3BC68420258AA23E0023E067 /* Base */ = {isa = PBXFileReference; lastKnownFileType = file.storyboard; name = Base; path = Base.lproj/LaunchScreen.storyboard; sourceTree = "<group>"; };
		3BC68422258AA23E0023E067 /* Info.plist */ = {isa = PBXFileReference; lastKnownFileType = text.plist.xml; path = Info.plist; sourceTree = "<group>"; };
		3BC68427258AA23E0023E067 /* Project3Tests.xctest */ = {isa = PBXFileReference; explicitFileType = wrapper.cfbundle; includeInIndex = 0; path = Project3Tests.xctest; sourceTree = BUILT_PRODUCTS_DIR; };
		3BC6842B258AA23E0023E067 /* Project3Tests.swift */ = {isa = PBXFileReference; lastKnownFileType = sourcecode.swift; path = Project3Tests.swift; sourceTree = "<group>"; };
		3BC6842D258AA23E0023E067 /* Info.plist */ = {isa = PBXFileReference; lastKnownFileType = text.plist.xml; path = Info.plist; sourceTree = "<group>"; };
		3BC68432258AA23E0023E067 /* Project3UITests.xctest */ = {isa = PBXFileReference; explicitFileType = wrapper.cfbundle; includeInIndex = 0; path = Project3UITests.xctest; sourceTree = BUILT_PRODUCTS_DIR; };
		3BC68436258AA23E0023E067 /* Project3UITests.swift */ = {isa = PBXFileReference; lastKnownFileType = sourcecode.swift; path = Project3UITests.swift; sourceTree = "<group>"; };
		3BC68438258AA23E0023E067 /* Info.plist */ = {isa = PBXFileReference; lastKnownFileType = text.plist.xml; path = Info.plist; sourceTree = "<group>"; };
/* End PBXFileReference section */

/* Begin PBXFrameworksBuildPhase section */
		3BC6840E258AA23B0023E067 /* Frameworks */ = {
			isa = PBXFrameworksBuildPhase;
			buildActionMask = 2147483647;
			files = (
			);
			runOnlyForDeploymentPostprocessing = 0;
		};
		3BC68424258AA23E0023E067 /* Frameworks */ = {
			isa = PBXFrameworksBuildPhase;
			buildActionMask = 2147483647;
			files = (
			);
			runOnlyForDeploymentPostprocessing = 0;
		};
		3BC6842F258AA23E0023E067 /* Frameworks */ = {
			isa = PBXFrameworksBuildPhase;
			buildActionMask = 2147483647;
			files = (
			);
			runOnlyForDeploymentPostprocessing = 0;
		};
/* End PBXFrameworksBuildPhase section */

/* Begin PBXGroup section */
		3BC68408258AA23B0023E067 = {
			isa = PBXGroup;
			children = (
				3BC68413258AA23C0023E067 /* Project3 */,
				3BC6842A258AA23E0023E067 /* Project3Tests */,
				3BC68435258AA23E0023E067 /* Project3UITests */,
				3BC68412258AA23C0023E067 /* Products */,
			);
			sourceTree = "<group>";
		};
		3BC68412258AA23C0023E067 /* Products */ = {
			isa = PBXGroup;
			children = (
				3BC68411258AA23C0023E067 /* Project3.app */,
				3BC68427258AA23E0023E067 /* Project3Tests.xctest */,
				3BC68432258AA23E0023E067 /* Project3UITests.xctest */,
			);
			name = Products;
			sourceTree = "<group>";
		};
		3BC68413258AA23C0023E067 /* Project3 */ = {
			isa = PBXGroup;
			children = (
				3BC68414258AA23C0023E067 /* AppDelegate.swift */,
				3BC68416258AA23C0023E067 /* SceneDelegate.swift */,
				3BC68418258AA23C0023E067 /* ViewController.swift */,
				3BC6841A258AA23C0023E067 /* Main.storyboard */,
				3BC6841D258AA23E0023E067 /* Assets.xcassets */,
				3BC6841F258AA23E0023E067 /* LaunchScreen.storyboard */,
				3BC68422258AA23E0023E067 /* Info.plist */,
			);
			path = Project3;
			sourceTree = "<group>";
		};
		3BC6842A258AA23E0023E067 /* Project3Tests */ = {
			isa = PBXGroup;
			children = (
				3BC6842B258AA23E0023E067 /* Project3Tests.swift */,
				3BC6842D258AA23E0023E067 /* Info.plist */,
			);
			path = Project3Tests;
			sourceTree = "<group>";
		};
		3BC68435258AA23E0023E067 /* Project3UITests */ = {
			isa = PBXGroup;
			children = (
				3BC68436258AA23E0023E067 /* Project3UITests.swift */,
				3BC68438258AA23E0023E067 /* Info.plist */,
			);
			path = Project3UITests;
			sourceTree = "<group>";
		};
/* End PBXGroup section */

/* Begin PBXNativeTarget section */
		3BC68410258AA23B0023E067 /* Project3 */ = {
			isa = PBXNativeTarget;
			buildConfigurationList = 3BC6843B258AA23E0023E067 /* Build configuration list for PBXNativeTarget "Project3" */;
			buildPhases = (
				3BC6840D258AA23B0023E067 /* Sources */,
				3BC6840E258AA23B0023E067 /* Frameworks */,
				3BC6840F258AA23B0023E067 /* Resources */,
			);
			buildRules = (
			);
			dependencies = (
			);
			name = Project3;
			productName = Project3;
			productReference = 3BC68411258AA23C0023E067 /* Project3.app */;
			productType = "com.apple.product-type.application";
		};
		3BC68426258AA23E0023E067 /* Project3Tests */ = {
			isa = PBXNativeTarget;
			buildConfigurationList = 3BC6843E258AA23E0023E067 /* Build configuration list for PBXNativeTarget "Project3Tests" */;
			buildPhases = (
				3BC68423258AA23E0023E067 /* Sources */,
				3BC68424258AA23E0023E067 /* Frameworks */,
				3BC68425258AA23E0023E067 /* Resources */,
			);
			buildRules = (
			);
			dependencies = (
				3BC68429258AA23E0023E067 /* PBXTargetDependency */,
			);
			name = Project3Tests;
			productName = Project3Tests;
			productReference = 3BC68427258AA23E0023E067 /* Project3Tests.xctest */;
			productType = "com.apple.product-type.bundle.unit-test";
		};
		3BC68431258AA23E0023E067 /* Project3UITests */ = {
			isa = PBXNativeTarget;
			buildConfigurationList = 3BC68441258AA23E0023E067 /* Build configuration list for PBXNativeTarget "Project3UITests" */;
			buildPhases = (
				3BC6842E258AA23E0023E067 /* Sources */,
				3BC6842F258AA23E0023E067 /* Frameworks */,
				3BC68430258AA23E0023E067 /* Resources */,
			);
			buildRules = (
			);
			dependencies = (
				3BC68434258AA23E0023E067 /* PBXTargetDependency */,
			);
			name = Project3UITests;
			productName = Project3UITests;
			productReference = 3BC68432258AA23E0023E067 /* Project3UITests.xctest */;
			productType = "com.apple.product-type.bundle.ui-testing";
		};
/* End PBXNativeTarget section */

/* Begin PBXProject section */
		3BC68409258AA23B0023E067 /* Project object */ = {
			isa = PBXProject;
			attributes = {
				LastSwiftUpdateCheck = 1100;
				LastUpgradeCheck = 1100;
				ORGANIZATIONNAME = KANJOGUN;
				TargetAttributes = {
					3BC68410258AA23B0023E067 = {
						CreatedOnToolsVersion = 11.0;
					};
					3BC68426258AA23E0023E067 = {
						CreatedOnToolsVersion = 11.0;
						TestTargetID = 3BC68410258AA23B0023E067;
					};
					3BC68431258AA23E0023E067 = {
						CreatedOnToolsVersion = 11.0;
						TestTargetID = 3BC68410258AA23B0023E067;
					};
				};
			};
			buildConfigurationList = 3BC6840C258AA23B0023E067 /* Build configuration list for PBXProject "Project3" */;
			compatibilityVersion = "Xcode 9.3";
			developmentRegion = en;
			hasScannedForEncodings = 0;
			knownRegions = (
				en,
				Base,
			);
			mainGroup = 3BC68408258AA23B0023E067;
			productRefGroup = 3BC68412258AA23C0023E067 /* Products */;
			projectDirPath = "";
			projectRoot = "";
			targets = (
				3BC68410258AA23B0023E067 /* Project3 */,
				3BC68426258AA23E0023E067 /* Project3Tests */,
				3BC68431258AA23E0023E067 /* Project3UITests */,
			);
		};
/* End PBXProject section */

/* Begin PBXResourcesBuildPhase section */
		3BC6840F258AA23B0023E067 /* Resources */ = {
			isa = PBXResourcesBuildPhase;
			buildActionMask = 2147483647;
			files = (
				3BC68421258AA23E0023E067 /* LaunchScreen.storyboard in Resources */,
				3BC6841E258AA23E0023E067 /* Assets.xcassets in Resources */,
				3BC6841C258AA23C0023E067 /* Main.storyboard in Resources */,
			);
			runOnlyForDeploymentPostprocessing = 0;
		};
		3BC68425258AA23E0023E067 /* Resources */ = {
			isa = PBXResourcesBuildPhase;
			buildActionMask = 2147483647;
			files = (
			);
			runOnlyForDeploymentPostprocessing = 0;
		};
		3BC68430258AA23E0023E067 /* Resources */ = {
			isa = PBXResourcesBuildPhase;
			buildActionMask = 2147483647;
			files = (
			);
			runOnlyForDeploymentPostprocessing = 0;
		};
/* End PBXResourcesBuildPhase section */

/* Begin PBXSourcesBuildPhase section */
		3BC6840D258AA23B0023E067 /* Sources */ = {
			isa = PBXSourcesBuildPhase;
			buildActionMask = 2147483647;
			files = (
				3BC68419258AA23C0023E067 /* ViewController.swift in Sources */,
				3BC68415258AA23C0023E067 /* AppDelegate.swift in Sources */,
				3BC68417258AA23C0023E067 /* SceneDelegate.swift in Sources */,
			);
			runOnlyForDeploymentPostprocessing = 0;
		};
		3BC68423258AA23E0023E067 /* Sources */ = {
			isa = PBXSourcesBuildPhase;
			buildActionMask = 2147483647;
			files = (
				3BC6842C258AA23E0023E067 /* Project3Tests.swift in Sources */,
			);
			runOnlyForDeploymentPostprocessing = 0;
		};
		3BC6842E258AA23E0023E067 /* Sources */ = {
			isa = PBXSourcesBuildPhase;
			buildActionMask = 2147483647;
			files = (
				3BC68437258AA23E0023E067 /* Project3UITests.swift in Sources */,
			);
			runOnlyForDeploymentPostprocessing = 0;
		};
/* End PBXSourcesBuildPhase section */

/* Begin PBXTargetDependency section */
		3BC68429258AA23E0023E067 /* PBXTargetDependency */ = {
			isa = PBXTargetDependency;
			target = 3BC68410258AA23B0023E067 /* Project3 */;
			targetProxy = 3BC68428258AA23E0023E067 /* PBXContainerItemProxy */;
		};
		3BC68434258AA23E0023E067 /* PBXTargetDependency */ = {
			isa = PBXTargetDependency;
			target = 3BC68410258AA23B0023E067 /* Project3 */;
			targetProxy = 3BC68433258AA23E0023E067 /* PBXContainerItemProxy */;
		};
/* End PBXTargetDependency section */

/* Begin PBXVariantGroup section */
		3BC6841A258AA23C0023E067 /* Main.storyboard */ = {
			isa = PBXVariantGroup;
			children = (
				3BC6841B258AA23C0023E067 /* Base */,
			);
			name = Main.storyboard;
			sourceTree = "<group>";
		};
		3BC6841F258AA23E0023E067 /* LaunchScreen.storyboard */ = {
			isa = PBXVariantGroup;
			children = (
				3BC68420258AA23E0023E067 /* Base */,
			);
			name = LaunchScreen.storyboard;
			sourceTree = "<group>";
		};
/* End PBXVariantGroup section */

/* Begin XCBuildConfiguration section */
		3BC68439258AA23E0023E067 /* Debug */ = {
			isa = XCBuildConfiguration;
			buildSettings = {
				ALWAYS_SEARCH_USER_PATHS = NO;
				CLANG_ANALYZER_NONNULL = YES;
				CLANG_ANALYZER_NUMBER_OBJECT_CONVERSION = YES_AGGRESSIVE;
				CLANG_CXX_LANGUAGE_STANDARD = "gnu++14";
				CLANG_CXX_LIBRARY = "libc++";
				CLANG_ENABLE_MODULES = YES;
				CLANG_ENABLE_OBJC_ARC = YES;
				CLANG_ENABLE_OBJC_WEAK = YES;
				CLANG_WARN_BLOCK_CAPTURE_AUTORELEASING = YES;
				CLANG_WARN_BOOL_CONVERSION = YES;
				CLANG_WARN_COMMA = YES;
				CLANG_WARN_CONSTANT_CONVERSION = YES;
				CLANG_WARN_DEPRECATED_OBJC_IMPLEMENTATIONS = YES;
				CLANG_WARN_DIRECT_OBJC_ISA_USAGE = YES_ERROR;
				CLANG_WARN_DOCUMENTATION_COMMENTS = YES;
				CLANG_WARN_EMPTY_BODY = YES;
				CLANG_WARN_ENUM_CONVERSION = YES;
				CLANG_WARN_INFINITE_RECURSION = YES;
				CLANG_WARN_INT_CONVERSION = YES;
				CLANG_WARN_NON_LITERAL_NULL_CONVERSION = YES;
				CLANG_WARN_OBJC_IMPLICIT_RETAIN_SELF = YES;
				CLANG_WARN_OBJC_LITERAL_CONVERSION = YES;
				CLANG_WARN_OBJC_ROOT_CLASS = YES_ERROR;
				CLANG_WARN_RANGE_LOOP_ANALYSIS = YES;
				CLANG_WARN_STRICT_PROTOTYPES = YES;
				CLANG_WARN_SUSPICIOUS_MOVE = YES;
				CLANG_WARN_UNGUARDED_AVAILABILITY = YES_AGGRESSIVE;
				CLANG_WARN_UNREACHABLE_CODE = YES;
				CLANG_WARN__DUPLICATE_METHOD_MATCH = YES;
				COPY_PHASE_STRIP = NO;
				DEBUG_INFORMATION_FORMAT = dwarf;
				ENABLE_STRICT_OBJC_MSGSEND = YES;
				ENABLE_TESTABILITY = YES;
				GCC_C_LANGUAGE_STANDARD = gnu11;
				GCC_DYNAMIC_NO_PIC = NO;
				GCC_NO_COMMON_BLOCKS = YES;
				GCC_OPTIMIZATION_LEVEL = 0;
				GCC_PREPROCESSOR_DEFINITIONS = (
					"DEBUG=1",
					"$(inherited)",
				);
				GCC_WARN_64_TO_32_BIT_CONVERSION = YES;
				GCC_WARN_ABOUT_RETURN_TYPE = YES_ERROR;
				GCC_WARN_UNDECLARED_SELECTOR = YES;
				GCC_WARN_UNINITIALIZED_AUTOS = YES_AGGRESSIVE;
				GCC_WARN_UNUSED_FUNCTION = YES;
				GCC_WARN_UNUSED_VARIABLE = YES;
				IPHONEOS_DEPLOYMENT_TARGET = 13.0;
				MTL_ENABLE_DEBUG_INFO = INCLUDE_SOURCE;
				MTL_FAST_MATH = YES;
				ONLY_ACTIVE_ARCH = YES;
				SDKROOT = iphoneos;
				SWIFT_ACTIVE_COMPILATION_CONDITIONS = DEBUG;
				SWIFT_OPTIMIZATION_LEVEL = "-Onone";
			};
			name = Debug;
		};
		3BC6843A258AA23E0023E067 /* Release */ = {
			isa = XCBuildConfiguration;
			buildSettings = {
				ALWAYS_SEARCH_USER_PATHS = NO;
				CLANG_ANALYZER_NONNULL = YES;
				CLANG_ANALYZER_NUMBER_OBJECT_CONVERSION = YES_AGGRESSIVE;
				CLANG_CXX_LANGUAGE_STANDARD = "gnu++14";
				CLANG_CXX_LIBRARY = "libc++";
				CLANG_ENABLE_MODULES = YES;
				CLANG_ENABLE_OBJC_ARC = YES;
				CLANG_ENABLE_OBJC_WEAK = YES;
				CLANG_WARN_BLOCK_CAPTURE_AUTORELEASING = YES;
				CLANG_WARN_BOOL_CONVERSION = YES;
				CLANG_WARN_COMMA = YES;
				CLANG_WARN_CONSTANT_CONVERSION = YES;
				CLANG_WARN_DEPRECATED_OBJC_IMPLEMENTATIONS = YES;
				CLANG_WARN_DIRECT_OBJC_ISA_USAGE = YES_ERROR;
				CLANG_WARN_DOCUMENTATION_COMMENTS = YES;
				CLANG_WARN_EMPTY_BODY = YES;
				CLANG_WARN_ENUM_CONVERSION = YES;
				CLANG_WARN_INFINITE_RECURSION = YES;
				CLANG_WARN_INT_CONVERSION = YES;
				CLANG_WARN_NON_LITERAL_NULL_CONVERSION = YES;
				CLANG_WARN_OBJC_IMPLICIT_RETAIN_SELF = YES;
				CLANG_WARN_OBJC_LITERAL_CONVERSION = YES;
				CLANG_WARN_OBJC_ROOT_CLASS = YES_ERROR;
				CLANG_WARN_RANGE_LOOP_ANALYSIS = YES;
				CLANG_WARN_STRICT_PROTOTYPES = YES;
				CLANG_WARN_SUSPICIOUS_MOVE = YES;
				CLANG_WARN_UNGUARDED_AVAILABILITY = YES_AGGRESSIVE;
				CLANG_WARN_UNREACHABLE_CODE = YES;
				CLANG_WARN__DUPLICATE_METHOD_MATCH = YES;
				COPY_PHASE_STRIP = NO;
				DEBUG_INFORMATION_FORMAT = "dwarf-with-dsym";
				ENABLE_NS_ASSERTIONS = NO;
				ENABLE_STRICT_OBJC_MSGSEND = YES;
				GCC_C_LANGUAGE_STANDARD = gnu11;
				GCC_NO_COMMON_BLOCKS = YES;
				GCC_WARN_64_TO_32_BIT_CONVERSION = YES;
				GCC_WARN_ABOUT_RETURN_TYPE = YES_ERROR;
				GCC_WARN_UNDECLARED_SELECTOR = YES;
				GCC_WARN_UNINITIALIZED_AUTOS = YES_AGGRESSIVE;
				GCC_WARN_UNUSED_FUNCTION = YES;
				GCC_WARN_UNUSED_VARIABLE = YES;
				IPHONEOS_DEPLOYMENT_TARGET = 13.0;
				MTL_ENABLE_DEBUG_INFO = NO;
				MTL_FAST_MATH = YES;
				SDKROOT = iphoneos;
				SWIFT_COMPILATION_MODE = wholemodule;
				SWIFT_OPTIMIZATION_LEVEL = "-O";
				VALIDATE_PRODUCT = YES;
			};
			name = Release;
		};
		3BC6843C258AA23E0023E067 /* Debug */ = {
			isa = XCBuildConfiguration;
			buildSettings = {
				ASSETCATALOG_COMPILER_APPICON_NAME = AppIcon;
				CODE_SIGN_STYLE = Automatic;
				DEVELOPMENT_TEAM = M4V6GZ4RA7;
				INFOPLIST_FILE = Project3/Info.plist;
				LD_RUNPATH_SEARCH_PATHS = (
					"$(inherited)",
					"@executable_path/Frameworks",
				);
				PRODUCT_BUNDLE_IDENTIFIER = Project1.Project3;
				PRODUCT_NAME = "$(TARGET_NAME)";
				SWIFT_VERSION = 5.0;
				TARGETED_DEVICE_FAMILY = "1,2";
			};
			name = Debug;
		};
		3BC6843D258AA23E0023E067 /* Release */ = {
			isa = XCBuildConfiguration;
			buildSettings = {
				ASSETCATALOG_COMPILER_APPICON_NAME = AppIcon;
				CODE_SIGN_STYLE = Automatic;
				DEVELOPMENT_TEAM = M4V6GZ4RA7;
				INFOPLIST_FILE = Project3/Info.plist;
				LD_RUNPATH_SEARCH_PATHS = (
					"$(inherited)",
					"@executable_path/Frameworks",
				);
				PRODUCT_BUNDLE_IDENTIFIER = Project1.Project3;
				PRODUCT_NAME = "$(TARGET_NAME)";
				SWIFT_VERSION = 5.0;
				TARGETED_DEVICE_FAMILY = "1,2";
			};
			name = Release;
		};
		3BC6843F258AA23E0023E067 /* Debug */ = {
			isa = XCBuildConfiguration;
			buildSettings = {
				ALWAYS_EMBED_SWIFT_STANDARD_LIBRARIES = YES;
				BUNDLE_LOADER = "$(TEST_HOST)";
				CODE_SIGN_STYLE = Automatic;
				DEVELOPMENT_TEAM = M4V6GZ4RA7;
				INFOPLIST_FILE = Project3Tests/Info.plist;
				IPHONEOS_DEPLOYMENT_TARGET = 13.0;
				LD_RUNPATH_SEARCH_PATHS = (
					"$(inherited)",
					"@executable_path/Frameworks",
					"@loader_path/Frameworks",
				);
				PRODUCT_BUNDLE_IDENTIFIER = Project1.Project3Tests;
				PRODUCT_NAME = "$(TARGET_NAME)";
				SWIFT_VERSION = 5.0;
				TARGETED_DEVICE_FAMILY = "1,2";
				TEST_HOST = "$(BUILT_PRODUCTS_DIR)/Project3.app/Project3";
			};
			name = Debug;
		};
		3BC68440258AA23E0023E067 /* Release */ = {
			isa = XCBuildConfiguration;
			buildSettings = {
				ALWAYS_EMBED_SWIFT_STANDARD_LIBRARIES = YES;
				BUNDLE_LOADER = "$(TEST_HOST)";
				CODE_SIGN_STYLE = Automatic;
				DEVELOPMENT_TEAM = M4V6GZ4RA7;
				INFOPLIST_FILE = Project3Tests/Info.plist;
				IPHONEOS_DEPLOYMENT_TARGET = 13.0;
				LD_RUNPATH_SEARCH_PATHS = (
					"$(inherited)",
					"@executable_path/Frameworks",
					"@loader_path/Frameworks",
				);
				PRODUCT_BUNDLE_IDENTIFIER = Project1.Project3Tests;
				PRODUCT_NAME = "$(TARGET_NAME)";
				SWIFT_VERSION = 5.0;
				TARGETED_DEVICE_FAMILY = "1,2";
				TEST_HOST = "$(BUILT_PRODUCTS_DIR)/Project3.app/Project3";
			};
			name = Release;
		};
		3BC68442258AA23E0023E067 /* Debug */ = {
			isa = XCBuildConfiguration;
			buildSettings = {
				ALWAYS_EMBED_SWIFT_STANDARD_LIBRARIES = YES;
				CODE_SIGN_STYLE = Automatic;
				DEVELOPMENT_TEAM = M4V6GZ4RA7;
				INFOPLIST_FILE = Project3UITests/Info.plist;
				LD_RUNPATH_SEARCH_PATHS = (
					"$(inherited)",
					"@executable_path/Frameworks",
					"@loader_path/Frameworks",
				);
				PRODUCT_BUNDLE_IDENTIFIER = Project1.Project3UITests;
				PRODUCT_NAME = "$(TARGET_NAME)";
				SWIFT_VERSION = 5.0;
				TARGETED_DEVICE_FAMILY = "1,2";
				TEST_TARGET_NAME = Project3;
			};
			name = Debug;
		};
		3BC68443258AA23E0023E067 /* Release */ = {
			isa = XCBuildConfiguration;
			buildSettings = {
				ALWAYS_EMBED_SWIFT_STANDARD_LIBRARIES = YES;
				CODE_SIGN_STYLE = Automatic;
				DEVELOPMENT_TEAM = M4V6GZ4RA7;
				INFOPLIST_FILE = Project3UITests/Info.plist;
				LD_RUNPATH_SEARCH_PATHS = (
					"$(inherited)",
					"@executable_path/Frameworks",
					"@loader_path/Frameworks",
				);
				PRODUCT_BUNDLE_IDENTIFIER = Project1.Project3UITests;
				PRODUCT_NAME = "$(TARGET_NAME)";
				SWIFT_VERSION = 5.0;
				TARGETED_DEVICE_FAMILY = "1,2";
				TEST_TARGET_NAME = Project3;
			};
			name = Release;
		};
/* End XCBuildConfiguration section */

/* Begin XCConfigurationList section */
		3BC6840C258AA23B0023E067 /* Build configuration list for PBXProject "Project3" */ = {
			isa = XCConfigurationList;
			buildConfigurations = (
				3BC68439258AA23E0023E067 /* Debug */,
				3BC6843A258AA23E0023E067 /* Release */,
			);
			defaultConfigurationIsVisible = 0;
			defaultConfigurationName = Release;
		};
		3BC6843B258AA23E0023E067 /* Build configuration list for PBXNativeTarget "Project3" */ = {
			isa = XCConfigurationList;
			buildConfigurations = (
				3BC6843C258AA23E0023E067 /* Debug */,
				3BC6843D258AA23E0023E067 /* Release */,
			);
			defaultConfigurationIsVisible = 0;
			defaultConfigurationName = Release;
		};
		3BC6843E258AA23E0023E067 /* Build configuration list for PBXNativeTarget "Project3Tests" */ = {
			isa = XCConfigurationList;
			buildConfigurations = (
				3BC6843F258AA23E0023E067 /* Debug */,
				3BC68440258AA23E0023E067 /* Release */,
			);
			defaultConfigurationIsVisible = 0;
			defaultConfigurationName = Release;
		};
		3BC68441258AA23E0023E067 /* Build configuration list for PBXNativeTarget "Project3UITests" */ = {
			isa = XCConfigurationList;
			buildConfigurations = (
				3BC68442258AA23E0023E067 /* Debug */,
				3BC68443258AA23E0023E067 /* Release */,
			);
			defaultConfigurationIsVisible = 0;
			defaultConfigurationName = Release;
		};
/* End XCConfigurationList section */
	};
	rootObject = 3BC68409258AA23B0023E067 /* Project object */;
}
